
Microsoft Visual Studio Solution File, Format Version 12.00
# Visual Studio Version 17
VisualStudioVersion = 17.2.32630.192
MinimumVisualStudioVersion = 10.0.40219.1
Project("{FAE04EC0-301F-11D3-BF4B-00C04F79EFBC}") = "BlogAPI", "BlogAPI\BlogAPI.csproj", "{C7325752-CBB3-4AF3-B15B-6D23C7B7649D}"
EndProject
Project("{FAE04EC0-301F-11D3-BF4B-00C04F79EFBC}") = "BlogTeste", "BlogTeste\BlogTeste.csproj", "{40823ED4-434C-4824-AF89-C3E0BBDD9D0E}"
EndProject
Global
	GlobalSection(SolutionConfigurationPlatforms) = preSolution
		Debug|Any CPU = Debug|Any CPU
		Release|Any CPU = Release|Any CPU
	EndGlobalSection
	GlobalSection(ProjectConfigurationPlatforms) = postSolution
		{C7325752-CBB3-4AF3-B15B-6D23C7B7649D}.Debug|Any CPU.ActiveCfg = Debug|Any CPU
		{C7325752-CBB3-4AF3-B15B-6D23C7B7649D}.Debug|Any CPU.Build.0 = Debug|Any CPU
		{C7325752-CBB3-4AF3-B15B-6D23C7B7649D}.Release|Any CPU.ActiveCfg = Release|Any CPU
		{C7325752-CBB3-4AF3-B15B-6D23C7B7649D}.Release|Any CPU.Build.0 = Release|Any CPU
		{40823ED4-434C-4824-AF89-C3E0BBDD9D0E}.Debug|Any CPU.ActiveCfg = Debug|Any CPU
		{40823ED4-434C-4824-AF89-C3E0BBDD9D0E}.Debug|Any CPU.Build.0 = Debug|Any CPU
		{40823ED4-434C-4824-AF89-C3E0BBDD9D0E}.Release|Any CPU.ActiveCfg = Release|Any CPU
		{40823ED4-434C-4824-AF89-C3E0BBDD9D0E}.Release|Any CPU.Build.0 = Release|Any CPU
	EndGlobalSection
	GlobalSection(SolutionProperties) = preSolution
		HideSolutionNode = FALSE
	EndGlobalSection
	GlobalSection(ExtensibilityGlobals) = postSolution
		SolutionGuid = {6264E2AA-937E-472D-BC0B-87959FD64DC1}
	EndGlobalSection
EndGlobal
